// !$*UTF8*$!
{
	archiveVersion = 1;
	classes = {
	};
	objectVersion = 55;
	objects = {

/* Begin PBXBuildFile section */
		0A3709A528A72F8000A676D1 /* AppDelegate.swift in Sources */ = {isa = PBXBuildFile; fileRef = 0A3709A428A72F8000A676D1 /* AppDelegate.swift */; };
		0A3709A728A72F8000A676D1 /* SceneDelegate.swift in Sources */ = {isa = PBXBuildFile; fileRef = 0A3709A628A72F8000A676D1 /* SceneDelegate.swift */; };
		0A3709A928A72F8000A676D1 /* ViewController.swift in Sources */ = {isa = PBXBuildFile; fileRef = 0A3709A828A72F8000A676D1 /* ViewController.swift */; };
		0A3709AC28A72F8000A676D1 /* Main.storyboard in Resources */ = {isa = PBXBuildFile; fileRef = 0A3709AA28A72F8000A676D1 /* Main.storyboard */; };
		0A3709AE28A72F8300A676D1 /* Assets.xcassets in Resources */ = {isa = PBXBuildFile; fileRef = 0A3709AD28A72F8300A676D1 /* Assets.xcassets */; };
		0A3709B128A72F8300A676D1 /* LaunchScreen.storyboard in Resources */ = {isa = PBXBuildFile; fileRef = 0A3709AF28A72F8300A676D1 /* LaunchScreen.storyboard */; };
		0A3709BE28A7305300A676D1 /* APIList.swift in Sources */ = {isa = PBXBuildFile; fileRef = 0A3709BD28A7305300A676D1 /* APIList.swift */; };
		0A3709C028A752DE00A676D1 /* Book.swift in Sources */ = {isa = PBXBuildFile; fileRef = 0A3709BF28A752DE00A676D1 /* Book.swift */; };
/* End PBXBuildFile section */

/* Begin PBXFileReference section */
		0A3709A128A72F8000A676D1 /* SeniorCollegeBookApp.app */ = {isa = PBXFileReference; explicitFileType = wrapper.application; includeInIndex = 0; path = SeniorCollegeBookApp.app; sourceTree = BUILT_PRODUCTS_DIR; };
		0A3709A428A72F8000A676D1 /* AppDelegate.swift */ = {isa = PBXFileReference; lastKnownFileType = sourcecode.swift; path = AppDelegate.swift; sourceTree = "<group>"; };
		0A3709A628A72F8000A676D1 /* SceneDelegate.swift */ = {isa = PBXFileReference; lastKnownFileType = sourcecode.swift; path = SceneDelegate.swift; sourceTree = "<group>"; };
		0A3709A828A72F8000A676D1 /* ViewController.swift */ = {isa = PBXFileReference; lastKnownFileType = sourcecode.swift; path = ViewController.swift; sourceTree = "<group>"; };
		0A3709AB28A72F8000A676D1 /* Base */ = {isa = PBXFileReference; lastKnownFileType = file.storyboard; name = Base; path = Base.lproj/Main.storyboard; sourceTree = "<group>"; };
		0A3709AD28A72F8300A676D1 /* Assets.xcassets */ = {isa = PBXFileReference; lastKnownFileType = folder.assetcatalog; path = Assets.xcassets; sourceTree = "<group>"; };
		0A3709B028A72F8300A676D1 /* Base */ = {isa = PBXFileReference; lastKnownFileType = file.storyboard; name = Base; path = Base.lproj/LaunchScreen.storyboard; sourceTree = "<group>"; };
		0A3709B228A72F8300A676D1 /* Info.plist */ = {isa = PBXFileReference; lastKnownFileType = text.plist.xml; path = Info.plist; sourceTree = "<group>"; };
		0A3709BD28A7305300A676D1 /* APIList.swift */ = {isa = PBXFileReference; lastKnownFileType = sourcecode.swift; path = APIList.swift; sourceTree = "<group>"; };
		0A3709BF28A752DE00A676D1 /* Book.swift */ = {isa = PBXFileReference; lastKnownFileType = sourcecode.swift; path = Book.swift; sourceTree = "<group>"; };
/* End PBXFileReference section */

/* Begin PBXFrameworksBuildPhase section */
		0A37099E28A72F8000A676D1 /* Frameworks */ = {
			isa = PBXFrameworksBuildPhase;
			buildActionMask = 2147483647;
			files = (
			);
			runOnlyForDeploymentPostprocessing = 0;
		};
/* End PBXFrameworksBuildPhase section */

/* Begin PBXGroup section */
		0A37099828A72F8000A676D1 = {
			isa = PBXGroup;
			children = (
				0A3709A328A72F8000A676D1 /* SeniorCollegeBookApp */,
				0A3709A228A72F8000A676D1 /* Products */,
			);
			sourceTree = "<group>";
		};
		0A3709A228A72F8000A676D1 /* Products */ = {
			isa = PBXGroup;
			children = (
				0A3709A128A72F8000A676D1 /* SeniorCollegeBookApp.app */,
			);
			name = Products;
			sourceTree = "<group>";
		};
		0A3709A328A72F8000A676D1 /* SeniorCollegeBookApp */ = {
			isa = PBXGroup;
			children = (
				0A3709BA28A72FBE00A676D1 /* SearchList */,
				0A3709B928A72FA100A676D1 /* Models */,
				0A3709B828A72F9600A676D1 /* API */,
				0A3709A428A72F8000A676D1 /* AppDelegate.swift */,
				0A3709A628A72F8000A676D1 /* SceneDelegate.swift */,
				0A3709A828A72F8000A676D1 /* ViewController.swift */,
				0A3709AA28A72F8000A676D1 /* Main.storyboard */,
				0A3709AD28A72F8300A676D1 /* Assets.xcassets */,
				0A3709AF28A72F8300A676D1 /* LaunchScreen.storyboard */,
				0A3709B228A72F8300A676D1 /* Info.plist */,
			);
			path = SeniorCollegeBookApp;
			sourceTree = "<group>";
		};
		0A3709B828A72F9600A676D1 /* API */ = {
			isa = PBXGroup;
			children = (
				0A3709BD28A7305300A676D1 /* APIList.swift */,
			);
			path = API;
			sourceTree = "<group>";
		};
		0A3709B928A72FA100A676D1 /* Models */ = {
			isa = PBXGroup;
			children = (
				0A3709BF28A752DE00A676D1 /* Book.swift */,
			);
			path = Models;
			sourceTree = "<group>";
		};
		0A3709BA28A72FBE00A676D1 /* SearchList */ = {
			isa = PBXGroup;
			children = (
			);
			path = SearchList;
			sourceTree = "<group>";
		};
/* End PBXGroup section */

/* Begin PBXNativeTarget section */
		0A3709A028A72F8000A676D1 /* SeniorCollegeBookApp */ = {
			isa = PBXNativeTarget;
			buildConfigurationList = 0A3709B528A72F8300A676D1 /* Build configuration list for PBXNativeTarget "SeniorCollegeBookApp" */;
			buildPhases = (
				0A37099D28A72F8000A676D1 /* Sources */,
				0A37099E28A72F8000A676D1 /* Frameworks */,
				0A37099F28A72F8000A676D1 /* Resources */,
			);
			buildRules = (
			);
			dependencies = (
			);
			name = SeniorCollegeBookApp;
			productName = SeniorCollegeBookApp;
			productReference = 0A3709A128A72F8000A676D1 /* SeniorCollegeBookApp.app */;
			productType = "com.apple.product-type.application";
		};
/* End PBXNativeTarget section */

/* Begin PBXProject section */
		0A37099928A72F8000A676D1 /* Project object */ = {
			isa = PBXProject;
			attributes = {
				BuildIndependentTargetsInParallel = 1;
				LastSwiftUpdateCheck = 1340;
				LastUpgradeCheck = 1340;
				TargetAttributes = {
					0A3709A028A72F8000A676D1 = {
						CreatedOnToolsVersion = 13.4.1;
					};
				};
			};
			buildConfigurationList = 0A37099C28A72F8000A676D1 /* Build configuration list for PBXProject "SeniorCollegeBookApp" */;
			compatibilityVersion = "Xcode 13.0";
			developmentRegion = en;
			hasScannedForEncodings = 0;
			knownRegions = (
				en,
				Base,
			);
			mainGroup = 0A37099828A72F8000A676D1;
			productRefGroup = 0A3709A228A72F8000A676D1 /* Products */;
			projectDirPath = "";
			projectRoot = "";
			targets = (
				0A3709A028A72F8000A676D1 /* SeniorCollegeBookApp */,
			);
		};
/* End PBXProject section */

/* Begin PBXResourcesBuildPhase section */
		0A37099F28A72F8000A676D1 /* Resources */ = {
			isa = PBXResourcesBuildPhase;
			buildActionMask = 2147483647;
			files = (
				0A3709B128A72F8300A676D1 /* LaunchScreen.storyboard in Resources */,
				0A3709AE28A72F8300A676D1 /* Assets.xcassets in Resources */,
				0A3709AC28A72F8000A676D1 /* Main.storyboard in Resources */,
			);
			runOnlyForDeploymentPostprocessing = 0;
		};
/* End PBXResourcesBuildPhase section */

/* Begin PBXSourcesBuildPhase section */
		0A37099D28A72F8000A676D1 /* Sources */ = {
			isa = PBXSourcesBuildPhase;
			buildActionMask = 2147483647;
			files = (
				0A3709A928A72F8000A676D1 /* ViewController.swift in Sources */,
				0A3709BE28A7305300A676D1 /* APIList.swift in Sources */,
				0A3709C028A752DE00A676D1 /* Book.swift in Sources */,
				0A3709A528A72F8000A676D1 /* AppDelegate.swift in Sources */,
				0A3709A728A72F8000A676D1 /* SceneDelegate.swift in Sources */,
			);
			runOnlyForDeploymentPostprocessing = 0;
		};
/* End PBXSourcesBuildPhase section */

/* Begin PBXVariantGroup section */
		0A3709AA28A72F8000A676D1 /* Main.storyboard */ = {
			isa = PBXVariantGroup;
			children = (
				0A3709AB28A72F8000A676D1 /* Base */,
			);
			name = Main.storyboard;
			sourceTree = "<group>";
		};
		0A3709AF28A72F8300A676D1 /* LaunchScreen.storyboard */ = {
			isa = PBXVariantGroup;
			children = (
				0A3709B028A72F8300A676D1 /* Base */,
			);
			name = LaunchScreen.storyboard;
			sourceTree = "<group>";
		};
/* End PBXVariantGroup section */

/* Begin XCBuildConfiguration section */
		0A3709B328A72F8300A676D1 /* Debug */ = {
			isa = XCBuildConfiguration;
			buildSettings = {
				ALWAYS_SEARCH_USER_PATHS = NO;
				CLANG_ANALYZER_NONNULL = YES;
				CLANG_ANALYZER_NUMBER_OBJECT_CONVERSION = YES_AGGRESSIVE;
				CLANG_CXX_LANGUAGE_STANDARD = "gnu++17";
				CLANG_ENABLE_MODULES = YES;
				CLANG_ENABLE_OBJC_ARC = YES;
				CLANG_ENABLE_OBJC_WEAK = YES;
				CLANG_WARN_BLOCK_CAPTURE_AUTORELEASING = YES;
				CLANG_WARN_BOOL_CONVERSION = YES;
				CLANG_WARN_COMMA = YES;
				CLANG_WARN_CONSTANT_CONVERSION = YES;
				CLANG_WARN_DEPRECATED_OBJC_IMPLEMENTATIONS = YES;
				CLANG_WARN_DIRECT_OBJC_ISA_USAGE = YES_ERROR;
				CLANG_WARN_DOCUMENTATION_COMMENTS = YES;
				CLANG_WARN_EMPTY_BODY = YES;
				CLANG_WARN_ENUM_CONVERSION = YES;
				CLANG_WARN_INFINITE_RECURSION = YES;
				CLANG_WARN_INT_CONVERSION = YES;
				CLANG_WARN_NON_LITERAL_NULL_CONVERSION = YES;
				CLANG_WARN_OBJC_IMPLICIT_RETAIN_SELF = YES;
				CLANG_WARN_OBJC_LITERAL_CONVERSION = YES;
				CLANG_WARN_OBJC_ROOT_CLASS = YES_ERROR;
				CLANG_WARN_QUOTED_INCLUDE_IN_FRAMEWORK_HEADER = YES;
				CLANG_WARN_RANGE_LOOP_ANALYSIS = YES;
				CLANG_WARN_STRICT_PROTOTYPES = YES;
				CLANG_WARN_SUSPICIOUS_MOVE = YES;
				CLANG_WARN_UNGUARDED_AVAILABILITY = YES_AGGRESSIVE;
				CLANG_WARN_UNREACHABLE_CODE = YES;
				CLANG_WARN__DUPLICATE_METHOD_MATCH = YES;
				COPY_PHASE_STRIP = NO;
				DEBUG_INFORMATION_FORMAT = dwarf;
				ENABLE_STRICT_OBJC_MSGSEND = YES;
				ENABLE_TESTABILITY = YES;
				GCC_C_LANGUAGE_STANDARD = gnu11;
				GCC_DYNAMIC_NO_PIC = NO;
				GCC_NO_COMMON_BLOCKS = YES;
				GCC_OPTIMIZATION_LEVEL = 0;
				GCC_PREPROCESSOR_DEFINITIONS = (
					"DEBUG=1",
					"$(inherited)",
				);
				GCC_WARN_64_TO_32_BIT_CONVERSION = YES;
				GCC_WARN_ABOUT_RETURN_TYPE = YES_ERROR;
				GCC_WARN_UNDECLARED_SELECTOR = YES;
				GCC_WARN_UNINITIALIZED_AUTOS = YES_AGGRESSIVE;
				GCC_WARN_UNUSED_FUNCTION = YES;
				GCC_WARN_UNUSED_VARIABLE = YES;
				IPHONEOS_DEPLOYMENT_TARGET = 15.5;
				MTL_ENABLE_DEBUG_INFO = INCLUDE_SOURCE;
				MTL_FAST_MATH = YES;
				ONLY_ACTIVE_ARCH = YES;
				SDKROOT = iphoneos;
				SWIFT_ACTIVE_COMPILATION_CONDITIONS = DEBUG;
				SWIFT_OPTIMIZATION_LEVEL = "-Onone";
			};
			name = Debug;
		};
		0A3709B428A72F8300A676D1 /* Release */ = {
			isa = XCBuildConfiguration;
			buildSettings = {
				ALWAYS_SEARCH_USER_PATHS = NO;
				CLANG_ANALYZER_NONNULL = YES;
				CLANG_ANALYZER_NUMBER_OBJECT_CONVERSION = YES_AGGRESSIVE;
				CLANG_CXX_LANGUAGE_STANDARD = "gnu++17";
				CLANG_ENABLE_MODULES = YES;
				CLANG_ENABLE_OBJC_ARC = YES;
				CLANG_ENABLE_OBJC_WEAK = YES;
				CLANG_WARN_BLOCK_CAPTURE_AUTORELEASING = YES;
				CLANG_WARN_BOOL_CONVERSION = YES;
				CLANG_WARN_COMMA = YES;
				CLANG_WARN_CONSTANT_CONVERSION = YES;
				CLANG_WARN_DEPRECATED_OBJC_IMPLEMENTATIONS = YES;
				CLANG_WARN_DIRECT_OBJC_ISA_USAGE = YES_ERROR;
				CLANG_WARN_DOCUMENTATION_COMMENTS = YES;
				CLANG_WARN_EMPTY_BODY = YES;
				CLANG_WARN_ENUM_CONVERSION = YES;
				CLANG_WARN_INFINITE_RECURSION = YES;
				CLANG_WARN_INT_CONVERSION = YES;
				CLANG_WARN_NON_LITERAL_NULL_CONVERSION = YES;
				CLANG_WARN_OBJC_IMPLICIT_RETAIN_SELF = YES;
				CLANG_WARN_OBJC_LITERAL_CONVERSION = YES;
				CLANG_WARN_OBJC_ROOT_CLASS = YES_ERROR;
				CLANG_WARN_QUOTED_INCLUDE_IN_FRAMEWORK_HEADER = YES;
				CLANG_WARN_RANGE_LOOP_ANALYSIS = YES;
				CLANG_WARN_STRICT_PROTOTYPES = YES;
				CLANG_WARN_SUSPICIOUS_MOVE = YES;
				CLANG_WARN_UNGUARDED_AVAILABILITY = YES_AGGRESSIVE;
				CLANG_WARN_UNREACHABLE_CODE = YES;
				CLANG_WARN__DUPLICATE_METHOD_MATCH = YES;
				COPY_PHASE_STRIP = NO;
				DEBUG_INFORMATION_FORMAT = "dwarf-with-dsym";
				ENABLE_NS_ASSERTIONS = NO;
				ENABLE_STRICT_OBJC_MSGSEND = YES;
				GCC_C_LANGUAGE_STANDARD = gnu11;
				GCC_NO_COMMON_BLOCKS = YES;
				GCC_WARN_64_TO_32_BIT_CONVERSION = YES;
				GCC_WARN_ABOUT_RETURN_TYPE = YES_ERROR;
				GCC_WARN_UNDECLARED_SELECTOR = YES;
				GCC_WARN_UNINITIALIZED_AUTOS = YES_AGGRESSIVE;
				GCC_WARN_UNUSED_FUNCTION = YES;
				GCC_WARN_UNUSED_VARIABLE = YES;
				IPHONEOS_DEPLOYMENT_TARGET = 15.5;
				MTL_ENABLE_DEBUG_INFO = NO;
				MTL_FAST_MATH = YES;
				SDKROOT = iphoneos;
				SWIFT_COMPILATION_MODE = wholemodule;
				SWIFT_OPTIMIZATION_LEVEL = "-O";
				VALIDATE_PRODUCT = YES;
			};
			name = Release;
		};
		0A3709B628A72F8300A676D1 /* Debug */ = {
			isa = XCBuildConfiguration;
			buildSettings = {
				ASSETCATALOG_COMPILER_APPICON_NAME = AppIcon;
				ASSETCATALOG_COMPILER_GLOBAL_ACCENT_COLOR_NAME = AccentColor;
				CODE_SIGN_STYLE = Automatic;
				CURRENT_PROJECT_VERSION = 1;
				GENERATE_INFOPLIST_FILE = YES;
				INFOPLIST_FILE = SeniorCollegeBookApp/Info.plist;
				INFOPLIST_KEY_UIApplicationSupportsIndirectInputEvents = YES;
				INFOPLIST_KEY_UILaunchStoryboardName = LaunchScreen;
				INFOPLIST_KEY_UIMainStoryboardFile = Main;
				INFOPLIST_KEY_UISupportedInterfaceOrientations_iPad = "UIInterfaceOrientationPortrait UIInterfaceOrientationPortraitUpsideDown UIInterfaceOrientationLandscapeLeft UIInterfaceOrientationLandscapeRight";
				INFOPLIST_KEY_UISupportedInterfaceOrientations_iPhone = "UIInterfaceOrientationPortrait UIInterfaceOrientationLandscapeLeft UIInterfaceOrientationLandscapeRight";
				LD_RUNPATH_SEARCH_PATHS = (
					"$(inherited)",
					"@executable_path/Frameworks",
				);
				MARKETING_VERSION = 1.0;
				PRODUCT_BUNDLE_IDENTIFIER = com.HackAttack.SeniorCollegeBookApp;
				PRODUCT_NAME = "$(TARGET_NAME)";
				SWIFT_EMIT_LOC_STRINGS = YES;
				SWIFT_VERSION = 5.0;
				TARGETED_DEVICE_FAMILY = "1,2";
			};
			name = Debug;
		};
		0A3709B728A72F8300A676D1 /* Release */ = {
			isa = XCBuildConfiguration;
			buildSettings = {
				ASSETCATALOG_COMPILER_APPICON_NAME = AppIcon;
				ASSETCATALOG_COMPILER_GLOBAL_ACCENT_COLOR_NAME = AccentColor;
				CODE_SIGN_STYLE = Automatic;
				CURRENT_PROJECT_VERSION = 1;
				GENERATE_INFOPLIST_FILE = YES;
				INFOPLIST_FILE = SeniorCollegeBookApp/Info.plist;
				INFOPLIST_KEY_UIApplicationSupportsIndirectInputEvents = YES;
				INFOPLIST_KEY_UILaunchStoryboardName = LaunchScreen;
				INFOPLIST_KEY_UIMainStoryboardFile = Main;
				INFOPLIST_KEY_UISupportedInterfaceOrientations_iPad = "UIInterfaceOrientationPortrait UIInterfaceOrientationPortraitUpsideDown UIInterfaceOrientationLandscapeLeft UIInterfaceOrientationLandscapeRight";
				INFOPLIST_KEY_UISupportedInterfaceOrientations_iPhone = "UIInterfaceOrientationPortrait UIInterfaceOrientationLandscapeLeft UIInterfaceOrientationLandscapeRight";
				LD_RUNPATH_SEARCH_PATHS = (
					"$(inherited)",
					"@executable_path/Frameworks",
				);
				MARKETING_VERSION = 1.0;
				PRODUCT_BUNDLE_IDENTIFIER = com.HackAttack.SeniorCollegeBookApp;
				PRODUCT_NAME = "$(TARGET_NAME)";
				SWIFT_EMIT_LOC_STRINGS = YES;
				SWIFT_VERSION = 5.0;
				TARGETED_DEVICE_FAMILY = "1,2";
			};
			name = Release;
		};
/* End XCBuildConfiguration section */

/* Begin XCConfigurationList section */
		0A37099C28A72F8000A676D1 /* Build configuration list for PBXProject "SeniorCollegeBookApp" */ = {
			isa = XCConfigurationList;
			buildConfigurations = (
				0A3709B328A72F8300A676D1 /* Debug */,
				0A3709B428A72F8300A676D1 /* Release */,
			);
			defaultConfigurationIsVisible = 0;
			defaultConfigurationName = Release;
		};
		0A3709B528A72F8300A676D1 /* Build configuration list for PBXNativeTarget "SeniorCollegeBookApp" */ = {
			isa = XCConfigurationList;
			buildConfigurations = (
				0A3709B628A72F8300A676D1 /* Debug */,
				0A3709B728A72F8300A676D1 /* Release */,
			);
			defaultConfigurationIsVisible = 0;
			defaultConfigurationName = Release;
		};
/* End XCConfigurationList section */
	};
	rootObject = 0A37099928A72F8000A676D1 /* Project object */;
}
